// !$*UTF8*$!
{
	archiveVersion = 1;
	classes = {
	};
	objectVersion = 50;
	objects = {

/* Begin PBXBuildFile section */
		17DABE912281D68700C17EC3 /* AppDelegate.swift in Sources */ = {isa = PBXBuildFile; fileRef = 17DABE902281D68700C17EC3 /* AppDelegate.swift */; };
		17DABE932281D68700C17EC3 /* MasterViewController.swift in Sources */ = {isa = PBXBuildFile; fileRef = 17DABE922281D68700C17EC3 /* MasterViewController.swift */; };
		17DABE952281D68700C17EC3 /* DetailViewController.swift in Sources */ = {isa = PBXBuildFile; fileRef = 17DABE942281D68700C17EC3 /* DetailViewController.swift */; };
		17DABE982281D68700C17EC3 /* Main.storyboard in Resources */ = {isa = PBXBuildFile; fileRef = 17DABE962281D68700C17EC3 /* Main.storyboard */; };
		17DABE9A2281D68700C17EC3 /* Assets.xcassets in Resources */ = {isa = PBXBuildFile; fileRef = 17DABE992281D68700C17EC3 /* Assets.xcassets */; };
		17DABE9D2281D68700C17EC3 /* LaunchScreen.storyboard in Resources */ = {isa = PBXBuildFile; fileRef = 17DABE9B2281D68700C17EC3 /* LaunchScreen.storyboard */; };
		17DABEA82281D68700C17EC3 /* GithubConnectTests.swift in Sources */ = {isa = PBXBuildFile; fileRef = 17DABEA72281D68700C17EC3 /* GithubConnectTests.swift */; };
		17DABEB32281D68700C17EC3 /* GithubConnectUITests.swift in Sources */ = {isa = PBXBuildFile; fileRef = 17DABEB22281D68700C17EC3 /* GithubConnectUITests.swift */; };
		5FC90807F88FB785127F7F00 /* Pods_GithubConnectTests.framework in Frameworks */ = {isa = PBXBuildFile; fileRef = 8BE720E97C01450C0F24531C /* Pods_GithubConnectTests.framework */; };
		7533B039B34665F21572DCA8 /* Pods_GithubConnectUITests.framework in Frameworks */ = {isa = PBXBuildFile; fileRef = 33242792CCBCF197E36CF56C /* Pods_GithubConnectUITests.framework */; };
		A9FBE642C65004776119AF0F /* Pods_GithubConnect.framework in Frameworks */ = {isa = PBXBuildFile; fileRef = C663A9A56624AC01EFF802F5 /* Pods_GithubConnect.framework */; };
/* End PBXBuildFile section */

/* Begin PBXContainerItemProxy section */
		17DABEA42281D68700C17EC3 /* PBXContainerItemProxy */ = {
			isa = PBXContainerItemProxy;
			containerPortal = 17DABE852281D68700C17EC3 /* Project object */;
			proxyType = 1;
			remoteGlobalIDString = 17DABE8C2281D68700C17EC3;
			remoteInfo = GithubConnect;
		};
		17DABEAF2281D68700C17EC3 /* PBXContainerItemProxy */ = {
			isa = PBXContainerItemProxy;
			containerPortal = 17DABE852281D68700C17EC3 /* Project object */;
			proxyType = 1;
			remoteGlobalIDString = 17DABE8C2281D68700C17EC3;
			remoteInfo = GithubConnect;
		};
/* End PBXContainerItemProxy section */

/* Begin PBXFileReference section */
		102B3867D6260788AA71C8F5 /* Pods-GithubConnect.release.xcconfig */ = {isa = PBXFileReference; includeInIndex = 1; lastKnownFileType = text.xcconfig; name = "Pods-GithubConnect.release.xcconfig"; path = "Target Support Files/Pods-GithubConnect/Pods-GithubConnect.release.xcconfig"; sourceTree = "<group>"; };
		17DABE8D2281D68700C17EC3 /* GithubConnect.app */ = {isa = PBXFileReference; explicitFileType = wrapper.application; includeInIndex = 0; path = GithubConnect.app; sourceTree = BUILT_PRODUCTS_DIR; };
		17DABE902281D68700C17EC3 /* AppDelegate.swift */ = {isa = PBXFileReference; lastKnownFileType = sourcecode.swift; path = AppDelegate.swift; sourceTree = "<group>"; };
		17DABE922281D68700C17EC3 /* MasterViewController.swift */ = {isa = PBXFileReference; lastKnownFileType = sourcecode.swift; path = MasterViewController.swift; sourceTree = "<group>"; };
		17DABE942281D68700C17EC3 /* DetailViewController.swift */ = {isa = PBXFileReference; lastKnownFileType = sourcecode.swift; path = DetailViewController.swift; sourceTree = "<group>"; };
		17DABE972281D68700C17EC3 /* Base */ = {isa = PBXFileReference; lastKnownFileType = file.storyboard; name = Base; path = Base.lproj/Main.storyboard; sourceTree = "<group>"; };
		17DABE992281D68700C17EC3 /* Assets.xcassets */ = {isa = PBXFileReference; lastKnownFileType = folder.assetcatalog; path = Assets.xcassets; sourceTree = "<group>"; };
		17DABE9C2281D68700C17EC3 /* Base */ = {isa = PBXFileReference; lastKnownFileType = file.storyboard; name = Base; path = Base.lproj/LaunchScreen.storyboard; sourceTree = "<group>"; };
		17DABE9E2281D68700C17EC3 /* Info.plist */ = {isa = PBXFileReference; lastKnownFileType = text.plist.xml; path = Info.plist; sourceTree = "<group>"; };
		17DABEA32281D68700C17EC3 /* GithubConnectTests.xctest */ = {isa = PBXFileReference; explicitFileType = wrapper.cfbundle; includeInIndex = 0; path = GithubConnectTests.xctest; sourceTree = BUILT_PRODUCTS_DIR; };
		17DABEA72281D68700C17EC3 /* GithubConnectTests.swift */ = {isa = PBXFileReference; lastKnownFileType = sourcecode.swift; path = GithubConnectTests.swift; sourceTree = "<group>"; };
		17DABEA92281D68700C17EC3 /* Info.plist */ = {isa = PBXFileReference; lastKnownFileType = text.plist.xml; path = Info.plist; sourceTree = "<group>"; };
		17DABEAE2281D68700C17EC3 /* GithubConnectUITests.xctest */ = {isa = PBXFileReference; explicitFileType = wrapper.cfbundle; includeInIndex = 0; path = GithubConnectUITests.xctest; sourceTree = BUILT_PRODUCTS_DIR; };
		17DABEB22281D68700C17EC3 /* GithubConnectUITests.swift */ = {isa = PBXFileReference; lastKnownFileType = sourcecode.swift; path = GithubConnectUITests.swift; sourceTree = "<group>"; };
		17DABEB42281D68700C17EC3 /* Info.plist */ = {isa = PBXFileReference; lastKnownFileType = text.plist.xml; path = Info.plist; sourceTree = "<group>"; };
		33242792CCBCF197E36CF56C /* Pods_GithubConnectUITests.framework */ = {isa = PBXFileReference; explicitFileType = wrapper.framework; includeInIndex = 0; path = Pods_GithubConnectUITests.framework; sourceTree = BUILT_PRODUCTS_DIR; };
		40EBE970B5AF1375B367EA7C /* Pods-GithubConnectTests.release.xcconfig */ = {isa = PBXFileReference; includeInIndex = 1; lastKnownFileType = text.xcconfig; name = "Pods-GithubConnectTests.release.xcconfig"; path = "Target Support Files/Pods-GithubConnectTests/Pods-GithubConnectTests.release.xcconfig"; sourceTree = "<group>"; };
		570BA90FF5A03F6DBD45B479 /* Pods-GithubConnect.debug.xcconfig */ = {isa = PBXFileReference; includeInIndex = 1; lastKnownFileType = text.xcconfig; name = "Pods-GithubConnect.debug.xcconfig"; path = "Target Support Files/Pods-GithubConnect/Pods-GithubConnect.debug.xcconfig"; sourceTree = "<group>"; };
		581C620DD5642C19AF949161 /* Pods-GithubConnectUITests.release.xcconfig */ = {isa = PBXFileReference; includeInIndex = 1; lastKnownFileType = text.xcconfig; name = "Pods-GithubConnectUITests.release.xcconfig"; path = "Target Support Files/Pods-GithubConnectUITests/Pods-GithubConnectUITests.release.xcconfig"; sourceTree = "<group>"; };
		849D092EC63DE2E3EEA7A6BB /* Pods-GithubConnectTests.debug.xcconfig */ = {isa = PBXFileReference; includeInIndex = 1; lastKnownFileType = text.xcconfig; name = "Pods-GithubConnectTests.debug.xcconfig"; path = "Target Support Files/Pods-GithubConnectTests/Pods-GithubConnectTests.debug.xcconfig"; sourceTree = "<group>"; };
		8BE720E97C01450C0F24531C /* Pods_GithubConnectTests.framework */ = {isa = PBXFileReference; explicitFileType = wrapper.framework; includeInIndex = 0; path = Pods_GithubConnectTests.framework; sourceTree = BUILT_PRODUCTS_DIR; };
		C663A9A56624AC01EFF802F5 /* Pods_GithubConnect.framework */ = {isa = PBXFileReference; explicitFileType = wrapper.framework; includeInIndex = 0; path = Pods_GithubConnect.framework; sourceTree = BUILT_PRODUCTS_DIR; };
		C9B585F5F0BCF1AA39FDC52E /* Pods-GithubConnectUITests.debug.xcconfig */ = {isa = PBXFileReference; includeInIndex = 1; lastKnownFileType = text.xcconfig; name = "Pods-GithubConnectUITests.debug.xcconfig"; path = "Target Support Files/Pods-GithubConnectUITests/Pods-GithubConnectUITests.debug.xcconfig"; sourceTree = "<group>"; };
/* End PBXFileReference section */

/* Begin PBXFrameworksBuildPhase section */
		17DABE8A2281D68700C17EC3 /* Frameworks */ = {
			isa = PBXFrameworksBuildPhase;
			buildActionMask = 2147483647;
			files = (
				A9FBE642C65004776119AF0F /* Pods_GithubConnect.framework in Frameworks */,
			);
			runOnlyForDeploymentPostprocessing = 0;
		};
		17DABEA02281D68700C17EC3 /* Frameworks */ = {
			isa = PBXFrameworksBuildPhase;
			buildActionMask = 2147483647;
			files = (
				5FC90807F88FB785127F7F00 /* Pods_GithubConnectTests.framework in Frameworks */,
			);
			runOnlyForDeploymentPostprocessing = 0;
		};
		17DABEAB2281D68700C17EC3 /* Frameworks */ = {
			isa = PBXFrameworksBuildPhase;
			buildActionMask = 2147483647;
			files = (
				7533B039B34665F21572DCA8 /* Pods_GithubConnectUITests.framework in Frameworks */,
			);
			runOnlyForDeploymentPostprocessing = 0;
		};
/* End PBXFrameworksBuildPhase section */

/* Begin PBXGroup section */
		0528FE49BBE3582B1D3CB2D2 /* Frameworks */ = {
			isa = PBXGroup;
			children = (
				C663A9A56624AC01EFF802F5 /* Pods_GithubConnect.framework */,
				8BE720E97C01450C0F24531C /* Pods_GithubConnectTests.framework */,
				33242792CCBCF197E36CF56C /* Pods_GithubConnectUITests.framework */,
			);
			name = Frameworks;
			sourceTree = "<group>";
		};
		17DABE842281D68700C17EC3 = {
			isa = PBXGroup;
			children = (
				17DABE8F2281D68700C17EC3 /* GithubConnect */,
				17DABEA62281D68700C17EC3 /* GithubConnectTests */,
				17DABEB12281D68700C17EC3 /* GithubConnectUITests */,
				17DABE8E2281D68700C17EC3 /* Products */,
				7A188526FFFE87BA2136EAC8 /* Pods */,
				0528FE49BBE3582B1D3CB2D2 /* Frameworks */,
			);
			sourceTree = "<group>";
		};
		17DABE8E2281D68700C17EC3 /* Products */ = {
			isa = PBXGroup;
			children = (
				17DABE8D2281D68700C17EC3 /* GithubConnect.app */,
				17DABEA32281D68700C17EC3 /* GithubConnectTests.xctest */,
				17DABEAE2281D68700C17EC3 /* GithubConnectUITests.xctest */,
			);
			name = Products;
			sourceTree = "<group>";
		};
		17DABE8F2281D68700C17EC3 /* GithubConnect */ = {
			isa = PBXGroup;
			children = (
				17DABE902281D68700C17EC3 /* AppDelegate.swift */,
				17DABE922281D68700C17EC3 /* MasterViewController.swift */,
				17DABE942281D68700C17EC3 /* DetailViewController.swift */,
				17DABE962281D68700C17EC3 /* Main.storyboard */,
				17DABE992281D68700C17EC3 /* Assets.xcassets */,
				17DABE9B2281D68700C17EC3 /* LaunchScreen.storyboard */,
				17DABE9E2281D68700C17EC3 /* Info.plist */,
			);
			path = GithubConnect;
			sourceTree = "<group>";
		};
		17DABEA62281D68700C17EC3 /* GithubConnectTests */ = {
			isa = PBXGroup;
			children = (
				17DABEA72281D68700C17EC3 /* GithubConnectTests.swift */,
				17DABEA92281D68700C17EC3 /* Info.plist */,
			);
			path = GithubConnectTests;
			sourceTree = "<group>";
		};
		17DABEB12281D68700C17EC3 /* GithubConnectUITests */ = {
			isa = PBXGroup;
			children = (
				17DABEB22281D68700C17EC3 /* GithubConnectUITests.swift */,
				17DABEB42281D68700C17EC3 /* Info.plist */,
			);
			path = GithubConnectUITests;
			sourceTree = "<group>";
		};
		7A188526FFFE87BA2136EAC8 /* Pods */ = {
			isa = PBXGroup;
			children = (
				570BA90FF5A03F6DBD45B479 /* Pods-GithubConnect.debug.xcconfig */,
				102B3867D6260788AA71C8F5 /* Pods-GithubConnect.release.xcconfig */,
				849D092EC63DE2E3EEA7A6BB /* Pods-GithubConnectTests.debug.xcconfig */,
				40EBE970B5AF1375B367EA7C /* Pods-GithubConnectTests.release.xcconfig */,
				C9B585F5F0BCF1AA39FDC52E /* Pods-GithubConnectUITests.debug.xcconfig */,
				581C620DD5642C19AF949161 /* Pods-GithubConnectUITests.release.xcconfig */,
			);
			name = Pods;
			path = Pods;
			sourceTree = "<group>";
		};
/* End PBXGroup section */

/* Begin PBXNativeTarget section */
		17DABE8C2281D68700C17EC3 /* GithubConnect */ = {
			isa = PBXNativeTarget;
			buildConfigurationList = 17DABEB72281D68700C17EC3 /* Build configuration list for PBXNativeTarget "GithubConnect" */;
			buildPhases = (
				E07BED8A39C73AC962DA3D72 /* [CP] Check Pods Manifest.lock */,
				17DABE892281D68700C17EC3 /* Sources */,
				17DABE8A2281D68700C17EC3 /* Frameworks */,
				17DABE8B2281D68700C17EC3 /* Resources */,
				9A1C045738D64E4642AA0BAA /* [CP] Embed Pods Frameworks */,
			);
			buildRules = (
			);
			dependencies = (
			);
			name = GithubConnect;
			productName = GithubConnect;
			productReference = 17DABE8D2281D68700C17EC3 /* GithubConnect.app */;
			productType = "com.apple.product-type.application";
		};
		17DABEA22281D68700C17EC3 /* GithubConnectTests */ = {
			isa = PBXNativeTarget;
			buildConfigurationList = 17DABEBA2281D68700C17EC3 /* Build configuration list for PBXNativeTarget "GithubConnectTests" */;
			buildPhases = (
				F25A979BFA09E76346622D91 /* [CP] Check Pods Manifest.lock */,
				17DABE9F2281D68700C17EC3 /* Sources */,
				17DABEA02281D68700C17EC3 /* Frameworks */,
				17DABEA12281D68700C17EC3 /* Resources */,
			);
			buildRules = (
			);
			dependencies = (
				17DABEA52281D68700C17EC3 /* PBXTargetDependency */,
			);
			name = GithubConnectTests;
			productName = GithubConnectTests;
			productReference = 17DABEA32281D68700C17EC3 /* GithubConnectTests.xctest */;
			productType = "com.apple.product-type.bundle.unit-test";
		};
		17DABEAD2281D68700C17EC3 /* GithubConnectUITests */ = {
			isa = PBXNativeTarget;
			buildConfigurationList = 17DABEBD2281D68700C17EC3 /* Build configuration list for PBXNativeTarget "GithubConnectUITests" */;
			buildPhases = (
				22F192B2C31448AD125AB601 /* [CP] Check Pods Manifest.lock */,
				17DABEAA2281D68700C17EC3 /* Sources */,
				17DABEAB2281D68700C17EC3 /* Frameworks */,
				17DABEAC2281D68700C17EC3 /* Resources */,
			);
			buildRules = (
			);
			dependencies = (
				17DABEB02281D68700C17EC3 /* PBXTargetDependency */,
			);
			name = GithubConnectUITests;
			productName = GithubConnectUITests;
			productReference = 17DABEAE2281D68700C17EC3 /* GithubConnectUITests.xctest */;
			productType = "com.apple.product-type.bundle.ui-testing";
		};
/* End PBXNativeTarget section */

/* Begin PBXProject section */
		17DABE852281D68700C17EC3 /* Project object */ = {
			isa = PBXProject;
			attributes = {
				LastSwiftUpdateCheck = 1020;
				LastUpgradeCheck = 1020;
				ORGANIZATIONNAME = "Parth Brahmbhatt";
				TargetAttributes = {
					17DABE8C2281D68700C17EC3 = {
						CreatedOnToolsVersion = 10.2.1;
					};
					17DABEA22281D68700C17EC3 = {
						CreatedOnToolsVersion = 10.2.1;
						TestTargetID = 17DABE8C2281D68700C17EC3;
					};
					17DABEAD2281D68700C17EC3 = {
						CreatedOnToolsVersion = 10.2.1;
						TestTargetID = 17DABE8C2281D68700C17EC3;
					};
				};
			};
			buildConfigurationList = 17DABE882281D68700C17EC3 /* Build configuration list for PBXProject "GithubConnect" */;
			compatibilityVersion = "Xcode 9.3";
			developmentRegion = en;
			hasScannedForEncodings = 0;
			knownRegions = (
				en,
				Base,
			);
			mainGroup = 17DABE842281D68700C17EC3;
			productRefGroup = 17DABE8E2281D68700C17EC3 /* Products */;
			projectDirPath = "";
			projectRoot = "";
			targets = (
				17DABE8C2281D68700C17EC3 /* GithubConnect */,
				17DABEA22281D68700C17EC3 /* GithubConnectTests */,
				17DABEAD2281D68700C17EC3 /* GithubConnectUITests */,
			);
		};
/* End PBXProject section */

/* Begin PBXResourcesBuildPhase section */
		17DABE8B2281D68700C17EC3 /* Resources */ = {
			isa = PBXResourcesBuildPhase;
			buildActionMask = 2147483647;
			files = (
				17DABE9D2281D68700C17EC3 /* LaunchScreen.storyboard in Resources */,
				17DABE9A2281D68700C17EC3 /* Assets.xcassets in Resources */,
				17DABE982281D68700C17EC3 /* Main.storyboard in Resources */,
			);
			runOnlyForDeploymentPostprocessing = 0;
		};
		17DABEA12281D68700C17EC3 /* Resources */ = {
			isa = PBXResourcesBuildPhase;
			buildActionMask = 2147483647;
			files = (
			);
			runOnlyForDeploymentPostprocessing = 0;
		};
		17DABEAC2281D68700C17EC3 /* Resources */ = {
			isa = PBXResourcesBuildPhase;
			buildActionMask = 2147483647;
			files = (
			);
			runOnlyForDeploymentPostprocessing = 0;
		};
/* End PBXResourcesBuildPhase section */

/* Begin PBXShellScriptBuildPhase section */
		22F192B2C31448AD125AB601 /* [CP] Check Pods Manifest.lock */ = {
			isa = PBXShellScriptBuildPhase;
			buildActionMask = 2147483647;
			files = (
			);
			inputFileListPaths = (
			);
			inputPaths = (
				"${PODS_PODFILE_DIR_PATH}/Podfile.lock",
				"${PODS_ROOT}/Manifest.lock",
			);
			name = "[CP] Check Pods Manifest.lock";
			outputFileListPaths = (
			);
			outputPaths = (
				"$(DERIVED_FILE_DIR)/Pods-GithubConnectUITests-checkManifestLockResult.txt",
			);
			runOnlyForDeploymentPostprocessing = 0;
			shellPath = /bin/sh;
			shellScript = "diff \"${PODS_PODFILE_DIR_PATH}/Podfile.lock\" \"${PODS_ROOT}/Manifest.lock\" > /dev/null\nif [ $? != 0 ] ; then\n    # print error to STDERR\n    echo \"error: The sandbox is not in sync with the Podfile.lock. Run 'pod install' or update your CocoaPods installation.\" >&2\n    exit 1\nfi\n# This output is used by Xcode 'outputs' to avoid re-running this script phase.\necho \"SUCCESS\" > \"${SCRIPT_OUTPUT_FILE_0}\"\n";
			showEnvVarsInLog = 0;
		};
		9A1C045738D64E4642AA0BAA /* [CP] Embed Pods Frameworks */ = {
			isa = PBXShellScriptBuildPhase;
			buildActionMask = 2147483647;
			files = (
			);
			inputFileListPaths = (
			);
			inputPaths = (
				"${PODS_ROOT}/Target Support Files/Pods-GithubConnect/Pods-GithubConnect-frameworks.sh",
				"${BUILT_PRODUCTS_DIR}/Auth0/Auth0.framework",
				"${BUILT_PRODUCTS_DIR}/SimpleKeychain/SimpleKeychain.framework",
			);
			name = "[CP] Embed Pods Frameworks";
			outputFileListPaths = (
			);
			outputPaths = (
				"${TARGET_BUILD_DIR}/${FRAMEWORKS_FOLDER_PATH}/Auth0.framework",
				"${TARGET_BUILD_DIR}/${FRAMEWORKS_FOLDER_PATH}/SimpleKeychain.framework",
			);
			runOnlyForDeploymentPostprocessing = 0;
			shellPath = /bin/sh;
			shellScript = "\"${PODS_ROOT}/Target Support Files/Pods-GithubConnect/Pods-GithubConnect-frameworks.sh\"\n";
			showEnvVarsInLog = 0;
		};
		E07BED8A39C73AC962DA3D72 /* [CP] Check Pods Manifest.lock */ = {
			isa = PBXShellScriptBuildPhase;
			buildActionMask = 2147483647;
			files = (
			);
			inputFileListPaths = (
			);
			inputPaths = (
				"${PODS_PODFILE_DIR_PATH}/Podfile.lock",
				"${PODS_ROOT}/Manifest.lock",
			);
			name = "[CP] Check Pods Manifest.lock";
			outputFileListPaths = (
			);
			outputPaths = (
				"$(DERIVED_FILE_DIR)/Pods-GithubConnect-checkManifestLockResult.txt",
			);
			runOnlyForDeploymentPostprocessing = 0;
			shellPath = /bin/sh;
			shellScript = "diff \"${PODS_PODFILE_DIR_PATH}/Podfile.lock\" \"${PODS_ROOT}/Manifest.lock\" > /dev/null\nif [ $? != 0 ] ; then\n    # print error to STDERR\n    echo \"error: The sandbox is not in sync with the Podfile.lock. Run 'pod install' or update your CocoaPods installation.\" >&2\n    exit 1\nfi\n# This output is used by Xcode 'outputs' to avoid re-running this script phase.\necho \"SUCCESS\" > \"${SCRIPT_OUTPUT_FILE_0}\"\n";
			showEnvVarsInLog = 0;
		};
		F25A979BFA09E76346622D91 /* [CP] Check Pods Manifest.lock */ = {
			isa = PBXShellScriptBuildPhase;
			buildActionMask = 2147483647;
			files = (
			);
			inputFileListPaths = (
			);
			inputPaths = (
				"${PODS_PODFILE_DIR_PATH}/Podfile.lock",
				"${PODS_ROOT}/Manifest.lock",
			);
			name = "[CP] Check Pods Manifest.lock";
			outputFileListPaths = (
			);
			outputPaths = (
				"$(DERIVED_FILE_DIR)/Pods-GithubConnectTests-checkManifestLockResult.txt",
			);
			runOnlyForDeploymentPostprocessing = 0;
			shellPath = /bin/sh;
			shellScript = "diff \"${PODS_PODFILE_DIR_PATH}/Podfile.lock\" \"${PODS_ROOT}/Manifest.lock\" > /dev/null\nif [ $? != 0 ] ; then\n    # print error to STDERR\n    echo \"error: The sandbox is not in sync with the Podfile.lock. Run 'pod install' or update your CocoaPods installation.\" >&2\n    exit 1\nfi\n# This output is used by Xcode 'outputs' to avoid re-running this script phase.\necho \"SUCCESS\" > \"${SCRIPT_OUTPUT_FILE_0}\"\n";
			showEnvVarsInLog = 0;
		};
/* End PBXShellScriptBuildPhase section */

/* Begin PBXSourcesBuildPhase section */
		17DABE892281D68700C17EC3 /* Sources */ = {
			isa = PBXSourcesBuildPhase;
			buildActionMask = 2147483647;
			files = (
				17DABE952281D68700C17EC3 /* DetailViewController.swift in Sources */,
				17DABE932281D68700C17EC3 /* MasterViewController.swift in Sources */,
				17DABE912281D68700C17EC3 /* AppDelegate.swift in Sources */,
			);
			runOnlyForDeploymentPostprocessing = 0;
		};
		17DABE9F2281D68700C17EC3 /* Sources */ = {
			isa = PBXSourcesBuildPhase;
			buildActionMask = 2147483647;
			files = (
				17DABEA82281D68700C17EC3 /* GithubConnectTests.swift in Sources */,
			);
			runOnlyForDeploymentPostprocessing = 0;
		};
		17DABEAA2281D68700C17EC3 /* Sources */ = {
			isa = PBXSourcesBuildPhase;
			buildActionMask = 2147483647;
			files = (
				17DABEB32281D68700C17EC3 /* GithubConnectUITests.swift in Sources */,
			);
			runOnlyForDeploymentPostprocessing = 0;
		};
/* End PBXSourcesBuildPhase section */

/* Begin PBXTargetDependency section */
		17DABEA52281D68700C17EC3 /* PBXTargetDependency */ = {
			isa = PBXTargetDependency;
			target = 17DABE8C2281D68700C17EC3 /* GithubConnect */;
			targetProxy = 17DABEA42281D68700C17EC3 /* PBXContainerItemProxy */;
		};
		17DABEB02281D68700C17EC3 /* PBXTargetDependency */ = {
			isa = PBXTargetDependency;
			target = 17DABE8C2281D68700C17EC3 /* GithubConnect */;
			targetProxy = 17DABEAF2281D68700C17EC3 /* PBXContainerItemProxy */;
		};
/* End PBXTargetDependency section */

/* Begin PBXVariantGroup section */
		17DABE962281D68700C17EC3 /* Main.storyboard */ = {
			isa = PBXVariantGroup;
			children = (
				17DABE972281D68700C17EC3 /* Base */,
			);
			name = Main.storyboard;
			sourceTree = "<group>";
		};
		17DABE9B2281D68700C17EC3 /* LaunchScreen.storyboard */ = {
			isa = PBXVariantGroup;
			children = (
				17DABE9C2281D68700C17EC3 /* Base */,
			);
			name = LaunchScreen.storyboard;
			sourceTree = "<group>";
		};
/* End PBXVariantGroup section */

/* Begin XCBuildConfiguration section */
		17DABEB52281D68700C17EC3 /* Debug */ = {
			isa = XCBuildConfiguration;
			buildSettings = {
				ALWAYS_SEARCH_USER_PATHS = NO;
				CLANG_ANALYZER_NONNULL = YES;
				CLANG_ANALYZER_NUMBER_OBJECT_CONVERSION = YES_AGGRESSIVE;
				CLANG_CXX_LANGUAGE_STANDARD = "gnu++14";
				CLANG_CXX_LIBRARY = "libc++";
				CLANG_ENABLE_MODULES = YES;
				CLANG_ENABLE_OBJC_ARC = YES;
				CLANG_ENABLE_OBJC_WEAK = YES;
				CLANG_WARN_BLOCK_CAPTURE_AUTORELEASING = YES;
				CLANG_WARN_BOOL_CONVERSION = YES;
				CLANG_WARN_COMMA = YES;
				CLANG_WARN_CONSTANT_CONVERSION = YES;
				CLANG_WARN_DEPRECATED_OBJC_IMPLEMENTATIONS = YES;
				CLANG_WARN_DIRECT_OBJC_ISA_USAGE = YES_ERROR;
				CLANG_WARN_DOCUMENTATION_COMMENTS = YES;
				CLANG_WARN_EMPTY_BODY = YES;
				CLANG_WARN_ENUM_CONVERSION = YES;
				CLANG_WARN_INFINITE_RECURSION = YES;
				CLANG_WARN_INT_CONVERSION = YES;
				CLANG_WARN_NON_LITERAL_NULL_CONVERSION = YES;
				CLANG_WARN_OBJC_IMPLICIT_RETAIN_SELF = YES;
				CLANG_WARN_OBJC_LITERAL_CONVERSION = YES;
				CLANG_WARN_OBJC_ROOT_CLASS = YES_ERROR;
				CLANG_WARN_RANGE_LOOP_ANALYSIS = YES;
				CLANG_WARN_STRICT_PROTOTYPES = YES;
				CLANG_WARN_SUSPICIOUS_MOVE = YES;
				CLANG_WARN_UNGUARDED_AVAILABILITY = YES_AGGRESSIVE;
				CLANG_WARN_UNREACHABLE_CODE = YES;
				CLANG_WARN__DUPLICATE_METHOD_MATCH = YES;
				CODE_SIGN_IDENTITY = "iPhone Developer";
				COPY_PHASE_STRIP = NO;
				DEBUG_INFORMATION_FORMAT = dwarf;
				ENABLE_STRICT_OBJC_MSGSEND = YES;
				ENABLE_TESTABILITY = YES;
				GCC_C_LANGUAGE_STANDARD = gnu11;
				GCC_DYNAMIC_NO_PIC = NO;
				GCC_NO_COMMON_BLOCKS = YES;
				GCC_OPTIMIZATION_LEVEL = 0;
				GCC_PREPROCESSOR_DEFINITIONS = (
					"DEBUG=1",
					"$(inherited)",
				);
				GCC_WARN_64_TO_32_BIT_CONVERSION = YES;
				GCC_WARN_ABOUT_RETURN_TYPE = YES_ERROR;
				GCC_WARN_UNDECLARED_SELECTOR = YES;
				GCC_WARN_UNINITIALIZED_AUTOS = YES_AGGRESSIVE;
				GCC_WARN_UNUSED_FUNCTION = YES;
				GCC_WARN_UNUSED_VARIABLE = YES;
				IPHONEOS_DEPLOYMENT_TARGET = 12.2;
				MTL_ENABLE_DEBUG_INFO = INCLUDE_SOURCE;
				MTL_FAST_MATH = YES;
				ONLY_ACTIVE_ARCH = YES;
				SDKROOT = iphoneos;
				SWIFT_ACTIVE_COMPILATION_CONDITIONS = DEBUG;
				SWIFT_OPTIMIZATION_LEVEL = "-Onone";
			};
			name = Debug;
		};
		17DABEB62281D68700C17EC3 /* Release */ = {
			isa = XCBuildConfiguration;
			buildSettings = {
				ALWAYS_SEARCH_USER_PATHS = NO;
				CLANG_ANALYZER_NONNULL = YES;
				CLANG_ANALYZER_NUMBER_OBJECT_CONVERSION = YES_AGGRESSIVE;
				CLANG_CXX_LANGUAGE_STANDARD = "gnu++14";
				CLANG_CXX_LIBRARY = "libc++";
				CLANG_ENABLE_MODULES = YES;
				CLANG_ENABLE_OBJC_ARC = YES;
				CLANG_ENABLE_OBJC_WEAK = YES;
				CLANG_WARN_BLOCK_CAPTURE_AUTORELEASING = YES;
				CLANG_WARN_BOOL_CONVERSION = YES;
				CLANG_WARN_COMMA = YES;
				CLANG_WARN_CONSTANT_CONVERSION = YES;
				CLANG_WARN_DEPRECATED_OBJC_IMPLEMENTATIONS = YES;
				CLANG_WARN_DIRECT_OBJC_ISA_USAGE = YES_ERROR;
				CLANG_WARN_DOCUMENTATION_COMMENTS = YES;
				CLANG_WARN_EMPTY_BODY = YES;
				CLANG_WARN_ENUM_CONVERSION = YES;
				CLANG_WARN_INFINITE_RECURSION = YES;
				CLANG_WARN_INT_CONVERSION = YES;
				CLANG_WARN_NON_LITERAL_NULL_CONVERSION = YES;
				CLANG_WARN_OBJC_IMPLICIT_RETAIN_SELF = YES;
				CLANG_WARN_OBJC_LITERAL_CONVERSION = YES;
				CLANG_WARN_OBJC_ROOT_CLASS = YES_ERROR;
				CLANG_WARN_RANGE_LOOP_ANALYSIS = YES;
				CLANG_WARN_STRICT_PROTOTYPES = YES;
				CLANG_WARN_SUSPICIOUS_MOVE = YES;
				CLANG_WARN_UNGUARDED_AVAILABILITY = YES_AGGRESSIVE;
				CLANG_WARN_UNREACHABLE_CODE = YES;
				CLANG_WARN__DUPLICATE_METHOD_MATCH = YES;
				CODE_SIGN_IDENTITY = "iPhone Developer";
				COPY_PHASE_STRIP = NO;
				DEBUG_INFORMATION_FORMAT = "dwarf-with-dsym";
				ENABLE_NS_ASSERTIONS = NO;
				ENABLE_STRICT_OBJC_MSGSEND = YES;
				GCC_C_LANGUAGE_STANDARD = gnu11;
				GCC_NO_COMMON_BLOCKS = YES;
				GCC_WARN_64_TO_32_BIT_CONVERSION = YES;
				GCC_WARN_ABOUT_RETURN_TYPE = YES_ERROR;
				GCC_WARN_UNDECLARED_SELECTOR = YES;
				GCC_WARN_UNINITIALIZED_AUTOS = YES_AGGRESSIVE;
				GCC_WARN_UNUSED_FUNCTION = YES;
				GCC_WARN_UNUSED_VARIABLE = YES;
				IPHONEOS_DEPLOYMENT_TARGET = 12.2;
				MTL_ENABLE_DEBUG_INFO = NO;
				MTL_FAST_MATH = YES;
				SDKROOT = iphoneos;
				SWIFT_COMPILATION_MODE = wholemodule;
				SWIFT_OPTIMIZATION_LEVEL = "-O";
				VALIDATE_PRODUCT = YES;
			};
			name = Release;
		};
		17DABEB82281D68700C17EC3 /* Debug */ = {
			isa = XCBuildConfiguration;
			baseConfigurationReference = 570BA90FF5A03F6DBD45B479 /* Pods-GithubConnect.debug.xcconfig */;
			buildSettings = {
				ASSETCATALOG_COMPILER_APPICON_NAME = AppIcon;
				CODE_SIGN_STYLE = Automatic;
				INFOPLIST_FILE = GithubConnect/Info.plist;
				LD_RUNPATH_SEARCH_PATHS = (
					"$(inherited)",
					"@executable_path/Frameworks",
				);
				PRODUCT_BUNDLE_IDENTIFIER = com.auth0.GithubConnect;
				PRODUCT_NAME = "$(TARGET_NAME)";
				SWIFT_VERSION = 5.0;
				TARGETED_DEVICE_FAMILY = "1,2";
			};
			name = Debug;
		};
		17DABEB92281D68700C17EC3 /* Release */ = {
			isa = XCBuildConfiguration;
			baseConfigurationReference = 102B3867D6260788AA71C8F5 /* Pods-GithubConnect.release.xcconfig */;
			buildSettings = {
				ASSETCATALOG_COMPILER_APPICON_NAME = AppIcon;
				CODE_SIGN_STYLE = Automatic;
				INFOPLIST_FILE = GithubConnect/Info.plist;
				LD_RUNPATH_SEARCH_PATHS = (
					"$(inherited)",
					"@executable_path/Frameworks",
				);
				PRODUCT_BUNDLE_IDENTIFIER = com.auth0.GithubConnect;
				PRODUCT_NAME = "$(TARGET_NAME)";
				SWIFT_VERSION = 5.0;
				TARGETED_DEVICE_FAMILY = "1,2";
			};
			name = Release;
		};
		17DABEBB2281D68700C17EC3 /* Debug */ = {
			isa = XCBuildConfiguration;
			baseConfigurationReference = 849D092EC63DE2E3EEA7A6BB /* Pods-GithubConnectTests.debug.xcconfig */;
			buildSettings = {
				ALWAYS_EMBED_SWIFT_STANDARD_LIBRARIES = YES;
				BUNDLE_LOADER = "$(TEST_HOST)";
				CODE_SIGN_STYLE = Automatic;
				INFOPLIST_FILE = GithubConnectTests/Info.plist;
				LD_RUNPATH_SEARCH_PATHS = (
					"$(inherited)",
					"@executable_path/Frameworks",
					"@loader_path/Frameworks",
				);
				PRODUCT_BUNDLE_IDENTIFIER = com.ford.GithubConnectTests;
				PRODUCT_NAME = "$(TARGET_NAME)";
				SWIFT_VERSION = 5.0;
				TARGETED_DEVICE_FAMILY = "1,2";
				TEST_HOST = "$(BUILT_PRODUCTS_DIR)/GithubConnect.app/GithubConnect";
			};
			name = Debug;
		};
		17DABEBC2281D68700C17EC3 /* Release */ = {
			isa = XCBuildConfiguration;
			baseConfigurationReference = 40EBE970B5AF1375B367EA7C /* Pods-GithubConnectTests.release.xcconfig */;
			buildSettings = {
				ALWAYS_EMBED_SWIFT_STANDARD_LIBRARIES = YES;
				BUNDLE_LOADER = "$(TEST_HOST)";
				CODE_SIGN_STYLE = Automatic;
				INFOPLIST_FILE = GithubConnectTests/Info.plist;
				LD_RUNPATH_SEARCH_PATHS = (
					"$(inherited)",
					"@executable_path/Frameworks",
					"@loader_path/Frameworks",
				);
				PRODUCT_BUNDLE_IDENTIFIER = com.ford.GithubConnectTests;
				PRODUCT_NAME = "$(TARGET_NAME)";
				SWIFT_VERSION = 5.0;
				TARGETED_DEVICE_FAMILY = "1,2";
				TEST_HOST = "$(BUILT_PRODUCTS_DIR)/GithubConnect.app/GithubConnect";
			};
			name = Release;
		};
		17DABEBE2281D68700C17EC3 /* Debug */ = {
			isa = XCBuildConfiguration;
			baseConfigurationReference = C9B585F5F0BCF1AA39FDC52E /* Pods-GithubConnectUITests.debug.xcconfig */;
			buildSettings = {
				ALWAYS_EMBED_SWIFT_STANDARD_LIBRARIES = YES;
				CODE_SIGN_STYLE = Automatic;
				INFOPLIST_FILE = GithubConnectUITests/Info.plist;
				LD_RUNPATH_SEARCH_PATHS = (
					"$(inherited)",
					"@executable_path/Frameworks",
					"@loader_path/Frameworks",
				);
				PRODUCT_BUNDLE_IDENTIFIER = com.ford.GithubConnectUITests;
				PRODUCT_NAME = "$(TARGET_NAME)";
				SWIFT_VERSION = 5.0;
				TARGETED_DEVICE_FAMILY = "1,2";
				TEST_TARGET_NAME = GithubConnect;
			};
			name = Debug;
		};
		17DABEBF2281D68700C17EC3 /* Release */ = {
			isa = XCBuildConfiguration;
			baseConfigurationReference = 581C620DD5642C19AF949161 /* Pods-GithubConnectUITests.release.xcconfig */;
			buildSettings = {
				ALWAYS_EMBED_SWIFT_STANDARD_LIBRARIES = YES;
				CODE_SIGN_STYLE = Automatic;
				INFOPLIST_FILE = GithubConnectUITests/Info.plist;
				LD_RUNPATH_SEARCH_PATHS = (
					"$(inherited)",
					"@executable_path/Frameworks",
					"@loader_path/Frameworks",
				);
				PRODUCT_BUNDLE_IDENTIFIER = com.ford.GithubConnectUITests;
				PRODUCT_NAME = "$(TARGET_NAME)";
				SWIFT_VERSION = 5.0;
				TARGETED_DEVICE_FAMILY = "1,2";
				TEST_TARGET_NAME = GithubConnect;
			};
			name = Release;
		};
/* End XCBuildConfiguration section */

/* Begin XCConfigurationList section */
		17DABE882281D68700C17EC3 /* Build configuration list for PBXProject "GithubConnect" */ = {
			isa = XCConfigurationList;
			buildConfigurations = (
				17DABEB52281D68700C17EC3 /* Debug */,
				17DABEB62281D68700C17EC3 /* Release */,
			);
			defaultConfigurationIsVisible = 0;
			defaultConfigurationName = Release;
		};
		17DABEB72281D68700C17EC3 /* Build configuration list for PBXNativeTarget "GithubConnect" */ = {
			isa = XCConfigurationList;
			buildConfigurations = (
				17DABEB82281D68700C17EC3 /* Debug */,
				17DABEB92281D68700C17EC3 /* Release */,
			);
			defaultConfigurationIsVisible = 0;
			defaultConfigurationName = Release;
		};
		17DABEBA2281D68700C17EC3 /* Build configuration list for PBXNativeTarget "GithubConnectTests" */ = {
			isa = XCConfigurationList;
			buildConfigurations = (
				17DABEBB2281D68700C17EC3 /* Debug */,
				17DABEBC2281D68700C17EC3 /* Release */,
			);
			defaultConfigurationIsVisible = 0;
			defaultConfigurationName = Release;
		};
		17DABEBD2281D68700C17EC3 /* Build configuration list for PBXNativeTarget "GithubConnectUITests" */ = {
			isa = XCConfigurationList;
			buildConfigurations = (
				17DABEBE2281D68700C17EC3 /* Debug */,
				17DABEBF2281D68700C17EC3 /* Release */,
			);
			defaultConfigurationIsVisible = 0;
			defaultConfigurationName = Release;
		};
/* End XCConfigurationList section */
	};
	rootObject = 17DABE852281D68700C17EC3 /* Project object */;
}
